
Microsoft Visual Studio Solution File, Format Version 12.00
# Visual Studio Version 17
VisualStudioVersion = 17.14.36109.1
MinimumVisualStudioVersion = 10.0.40219.1
Project("{2150E333-8FDC-42A3-9474-1A3956D46DE8}") = "Host", "Host", "{02EA681E-C7D8-13C7-8484-4AC65E1B71E8}"
EndProject
Project("{2150E333-8FDC-42A3-9474-1A3956D46DE8}") = "Modules", "Modules", "{6E5BCE3F-96BE-4839-BDC7-DC0AF7D61FF1}"
EndProject
Project("{2150E333-8FDC-42A3-9474-1A3956D46DE8}") = "Shared", "Shared", "{E4C84192-E103-41FF-94FC-3FD8D2E4ED7C}"
EndProject
Project("{2150E333-8FDC-42A3-9474-1A3956D46DE8}") = "Tests", "Tests", "{3D77327F-46B3-4FD8-AB33-4E4654FBD357}"
EndProject
Project("{2150E333-8FDC-42A3-9474-1A3956D46DE8}") = "Solution items", "Solution items", "{AC3143AB-3F56-43E2-B43D-02B2693F7CEA}"
	ProjectSection(SolutionItems) = preProject
		..\README.md = ..\README.md
	EndProjectSection
EndProject
Project("{2150E333-8FDC-42A3-9474-1A3956D46DE8}") = "Accounts", "Accounts", "{596B4975-5CE7-4891-AED3-4ED0512FF267}"
EndProject
Project("{E53339B2-1760-4266-BCC7-CA923CBCF16C}") = "docker-compose", "docker-compose.dcproj", "{81DDED9D-158B-E303-5F62-77A2896D2A5A}"
EndProject
Project("{FAE04EC0-301F-11D3-BF4B-00C04F79EFBC}") = "WebApi", "Host\WebApi\WebApi.csproj", "{ABB3A7A3-02F4-0458-0A7D-11569DB423D9}"
EndProject
Project("{2150E333-8FDC-42A3-9474-1A3956D46DE8}") = "Transactions", "Transactions", "{DF278244-4DB8-44BC-A30E-70A4FC5C79EE}"
EndProject
Project("{FAE04EC0-301F-11D3-BF4B-00C04F79EFBC}") = "Module.Accounts", "Modules\Accounts\Module.Accounts\Module.Accounts.csproj", "{065641F4-1136-CE5B-2482-D293E162336F}"
EndProject
Project("{FAE04EC0-301F-11D3-BF4B-00C04F79EFBC}") = "Module.Accounts.Infrastructure", "Modules\Accounts\Module.Accounts.Infrastructure\Module.Accounts.Infrastructure.csproj", "{5BBA3C0C-082B-29E7-575A-0CA7E30C6226}"
EndProject
Project("{FAE04EC0-301F-11D3-BF4B-00C04F79EFBC}") = "Module.Accounts.Core", "Modules\Accounts\Module.Accounts.Core\Module.Accounts.Core.csproj", "{12EBAF47-3A37-F289-066B-330C467426C2}"
EndProject
Project("{FAE04EC0-301F-11D3-BF4B-00C04F79EFBC}") = "Module.Accounts.Shared", "Modules\Accounts\Module.Accounts.Shared\Module.Accounts.Shared.csproj", "{02377E43-3819-EB5B-C6C7-48D3E180E58C}"
EndProject
Project("{FAE04EC0-301F-11D3-BF4B-00C04F79EFBC}") = "Module.Transations", "Modules\Transations\Module.Transations\Module.Transations.csproj", "{7914888A-EF47-7ACA-66DD-E343B0609B01}"
EndProject
Project("{FAE04EC0-301F-11D3-BF4B-00C04F79EFBC}") = "Module.Transactions.Core", "Modules\Transations\Module.Transactions.Core\Module.Transactions.Core.csproj", "{9346506B-EF5D-D2DE-8EFB-242DF0BCCC6E}"
EndProject
Project("{FAE04EC0-301F-11D3-BF4B-00C04F79EFBC}") = "Module.Transactions.Infrastructure", "Modules\Transations\Module.Transactions.Infrastructure\Module.Transactions.Infrastructure.csproj", "{3805D2F8-3794-149D-2B2A-098EA1AB9BE8}"
EndProject
Project("{FAE04EC0-301F-11D3-BF4B-00C04F79EFBC}") = "Module.Transactions.Shared", "Modules\Transations\Module.Transactions.Shared\Module.Transactions.Shared.csproj", "{50F01B31-F237-8B9D-6093-86D4F23BD833}"
EndProject
Project("{FAE04EC0-301F-11D3-BF4B-00C04F79EFBC}") = "Shared.Core", "Shared\Shared.Core\Shared.Core.csproj", "{BC34BDDE-463B-45C7-A2B5-BB58FF7F2712}"
EndProject
Project("{FAE04EC0-301F-11D3-BF4B-00C04F79EFBC}") = "Shared.Models", "Shared\Shared.Models\Shared.Models.csproj", "{4D6BF6EB-9C96-45D7-A747-0F0254F31C33}"
EndProject
Project("{FAE04EC0-301F-11D3-BF4B-00C04F79EFBC}") = "Shared.Infrastructure", "Shared\Shared.Infrastructure\Shared.Infrastructure.csproj", "{3E3D1476-B40E-9065-EB3B-0B2F70A5A3AA}"
EndProject
Global
	GlobalSection(SolutionConfigurationPlatforms) = preSolution
		Debug|Any CPU = Debug|Any CPU
		Release|Any CPU = Release|Any CPU
	EndGlobalSection
	GlobalSection(ProjectConfigurationPlatforms) = postSolution
		{81DDED9D-158B-E303-5F62-77A2896D2A5A}.Debug|Any CPU.ActiveCfg = Debug|Any CPU
		{81DDED9D-158B-E303-5F62-77A2896D2A5A}.Debug|Any CPU.Build.0 = Debug|Any CPU
		{81DDED9D-158B-E303-5F62-77A2896D2A5A}.Release|Any CPU.ActiveCfg = Release|Any CPU
		{81DDED9D-158B-E303-5F62-77A2896D2A5A}.Release|Any CPU.Build.0 = Release|Any CPU
		{ABB3A7A3-02F4-0458-0A7D-11569DB423D9}.Debug|Any CPU.ActiveCfg = Debug|Any CPU
		{ABB3A7A3-02F4-0458-0A7D-11569DB423D9}.Debug|Any CPU.Build.0 = Debug|Any CPU
		{ABB3A7A3-02F4-0458-0A7D-11569DB423D9}.Release|Any CPU.ActiveCfg = Release|Any CPU
		{ABB3A7A3-02F4-0458-0A7D-11569DB423D9}.Release|Any CPU.Build.0 = Release|Any CPU
		{065641F4-1136-CE5B-2482-D293E162336F}.Debug|Any CPU.ActiveCfg = Debug|Any CPU
		{065641F4-1136-CE5B-2482-D293E162336F}.Debug|Any CPU.Build.0 = Debug|Any CPU
		{065641F4-1136-CE5B-2482-D293E162336F}.Release|Any CPU.ActiveCfg = Release|Any CPU
		{065641F4-1136-CE5B-2482-D293E162336F}.Release|Any CPU.Build.0 = Release|Any CPU
		{5BBA3C0C-082B-29E7-575A-0CA7E30C6226}.Debug|Any CPU.ActiveCfg = Debug|Any CPU
		{5BBA3C0C-082B-29E7-575A-0CA7E30C6226}.Debug|Any CPU.Build.0 = Debug|Any CPU
		{5BBA3C0C-082B-29E7-575A-0CA7E30C6226}.Release|Any CPU.ActiveCfg = Release|Any CPU
		{5BBA3C0C-082B-29E7-575A-0CA7E30C6226}.Release|Any CPU.Build.0 = Release|Any CPU
		{12EBAF47-3A37-F289-066B-330C467426C2}.Debug|Any CPU.ActiveCfg = Debug|Any CPU
		{12EBAF47-3A37-F289-066B-330C467426C2}.Debug|Any CPU.Build.0 = Debug|Any CPU
		{12EBAF47-3A37-F289-066B-330C467426C2}.Release|Any CPU.ActiveCfg = Release|Any CPU
		{12EBAF47-3A37-F289-066B-330C467426C2}.Release|Any CPU.Build.0 = Release|Any CPU
		{02377E43-3819-EB5B-C6C7-48D3E180E58C}.Debug|Any CPU.ActiveCfg = Debug|Any CPU
		{02377E43-3819-EB5B-C6C7-48D3E180E58C}.Debug|Any CPU.Build.0 = Debug|Any CPU
		{02377E43-3819-EB5B-C6C7-48D3E180E58C}.Release|Any CPU.ActiveCfg = Release|Any CPU
		{02377E43-3819-EB5B-C6C7-48D3E180E58C}.Release|Any CPU.Build.0 = Release|Any CPU
		{7914888A-EF47-7ACA-66DD-E343B0609B01}.Debug|Any CPU.ActiveCfg = Debug|Any CPU
		{7914888A-EF47-7ACA-66DD-E343B0609B01}.Debug|Any CPU.Build.0 = Debug|Any CPU
		{7914888A-EF47-7ACA-66DD-E343B0609B01}.Release|Any CPU.ActiveCfg = Release|Any CPU
		{7914888A-EF47-7ACA-66DD-E343B0609B01}.Release|Any CPU.Build.0 = Release|Any CPU
		{9346506B-EF5D-D2DE-8EFB-242DF0BCCC6E}.Debug|Any CPU.ActiveCfg = Debug|Any CPU
		{9346506B-EF5D-D2DE-8EFB-242DF0BCCC6E}.Debug|Any CPU.Build.0 = Debug|Any CPU
		{9346506B-EF5D-D2DE-8EFB-242DF0BCCC6E}.Release|Any CPU.ActiveCfg = Release|Any CPU
		{9346506B-EF5D-D2DE-8EFB-242DF0BCCC6E}.Release|Any CPU.Build.0 = Release|Any CPU
		{3805D2F8-3794-149D-2B2A-098EA1AB9BE8}.Debug|Any CPU.ActiveCfg = Debug|Any CPU
		{3805D2F8-3794-149D-2B2A-098EA1AB9BE8}.Debug|Any CPU.Build.0 = Debug|Any CPU
		{3805D2F8-3794-149D-2B2A-098EA1AB9BE8}.Release|Any CPU.ActiveCfg = Release|Any CPU
		{3805D2F8-3794-149D-2B2A-098EA1AB9BE8}.Release|Any CPU.Build.0 = Release|Any CPU
		{50F01B31-F237-8B9D-6093-86D4F23BD833}.Debug|Any CPU.ActiveCfg = Debug|Any CPU
		{50F01B31-F237-8B9D-6093-86D4F23BD833}.Debug|Any CPU.Build.0 = Debug|Any CPU
		{50F01B31-F237-8B9D-6093-86D4F23BD833}.Release|Any CPU.ActiveCfg = Release|Any CPU
		{50F01B31-F237-8B9D-6093-86D4F23BD833}.Release|Any CPU.Build.0 = Release|Any CPU
		{BC34BDDE-463B-45C7-A2B5-BB58FF7F2712}.Debug|Any CPU.ActiveCfg = Debug|Any CPU
		{BC34BDDE-463B-45C7-A2B5-BB58FF7F2712}.Debug|Any CPU.Build.0 = Debug|Any CPU
		{BC34BDDE-463B-45C7-A2B5-BB58FF7F2712}.Release|Any CPU.ActiveCfg = Release|Any CPU
		{BC34BDDE-463B-45C7-A2B5-BB58FF7F2712}.Release|Any CPU.Build.0 = Release|Any CPU
		{4D6BF6EB-9C96-45D7-A747-0F0254F31C33}.Debug|Any CPU.ActiveCfg = Debug|Any CPU
		{4D6BF6EB-9C96-45D7-A747-0F0254F31C33}.Debug|Any CPU.Build.0 = Debug|Any CPU
		{4D6BF6EB-9C96-45D7-A747-0F0254F31C33}.Release|Any CPU.ActiveCfg = Release|Any CPU
		{4D6BF6EB-9C96-45D7-A747-0F0254F31C33}.Release|Any CPU.Build.0 = Release|Any CPU
		{3E3D1476-B40E-9065-EB3B-0B2F70A5A3AA}.Debug|Any CPU.ActiveCfg = Debug|Any CPU
		{3E3D1476-B40E-9065-EB3B-0B2F70A5A3AA}.Debug|Any CPU.Build.0 = Debug|Any CPU
		{3E3D1476-B40E-9065-EB3B-0B2F70A5A3AA}.Release|Any CPU.ActiveCfg = Release|Any CPU
		{3E3D1476-B40E-9065-EB3B-0B2F70A5A3AA}.Release|Any CPU.Build.0 = Release|Any CPU
	EndGlobalSection
	GlobalSection(SolutionProperties) = preSolution
		HideSolutionNode = FALSE
	EndGlobalSection
	GlobalSection(NestedProjects) = preSolution
		{596B4975-5CE7-4891-AED3-4ED0512FF267} = {6E5BCE3F-96BE-4839-BDC7-DC0AF7D61FF1}
		{ABB3A7A3-02F4-0458-0A7D-11569DB423D9} = {02EA681E-C7D8-13C7-8484-4AC65E1B71E8}
		{DF278244-4DB8-44BC-A30E-70A4FC5C79EE} = {6E5BCE3F-96BE-4839-BDC7-DC0AF7D61FF1}
		{065641F4-1136-CE5B-2482-D293E162336F} = {596B4975-5CE7-4891-AED3-4ED0512FF267}
		{5BBA3C0C-082B-29E7-575A-0CA7E30C6226} = {596B4975-5CE7-4891-AED3-4ED0512FF267}
		{12EBAF47-3A37-F289-066B-330C467426C2} = {596B4975-5CE7-4891-AED3-4ED0512FF267}
		{02377E43-3819-EB5B-C6C7-48D3E180E58C} = {596B4975-5CE7-4891-AED3-4ED0512FF267}
		{7914888A-EF47-7ACA-66DD-E343B0609B01} = {DF278244-4DB8-44BC-A30E-70A4FC5C79EE}
		{9346506B-EF5D-D2DE-8EFB-242DF0BCCC6E} = {DF278244-4DB8-44BC-A30E-70A4FC5C79EE}
		{3805D2F8-3794-149D-2B2A-098EA1AB9BE8} = {DF278244-4DB8-44BC-A30E-70A4FC5C79EE}
		{50F01B31-F237-8B9D-6093-86D4F23BD833} = {DF278244-4DB8-44BC-A30E-70A4FC5C79EE}
		{BC34BDDE-463B-45C7-A2B5-BB58FF7F2712} = {E4C84192-E103-41FF-94FC-3FD8D2E4ED7C}
		{4D6BF6EB-9C96-45D7-A747-0F0254F31C33} = {E4C84192-E103-41FF-94FC-3FD8D2E4ED7C}
		{3E3D1476-B40E-9065-EB3B-0B2F70A5A3AA} = {E4C84192-E103-41FF-94FC-3FD8D2E4ED7C}
	EndGlobalSection
	GlobalSection(ExtensibilityGlobals) = postSolution
		SolutionGuid = {4BF5B21A-FB48-41D5-B52E-7FDAD50956D8}
	EndGlobalSection
EndGlobal
